
Microsoft Visual Studio Solution File, Format Version 12.00
# Visual Studio 2013
VisualStudioVersion = 12.0.21005.1
MinimumVisualStudioVersion = 10.0.40219.1
Project("{FAE04EC0-301F-11D3-BF4B-00C04F79EFBC}") = "WKPOSTerminal", "WKPOSTerminal\WKPOSTerminal.csproj", "{0478EC86-6744-4394-ADF0-E56B5612649B}"
EndProject
Project("{FAE04EC0-301F-11D3-BF4B-00C04F79EFBC}") = "WKPOSTerminal.Tests", "WKPOSTerminal.Tests\WKPOSTerminal.Tests.csproj", "{CA69A273-B15A-497E-8F43-487BEF0641FD}"
EndProject
Global
	GlobalSection(SolutionConfigurationPlatforms) = preSolution
		Debug|Any CPU = Debug|Any CPU
		Release|Any CPU = Release|Any CPU
	EndGlobalSection
	GlobalSection(ProjectConfigurationPlatforms) = postSolution
		{0478EC86-6744-4394-ADF0-E56B5612649B}.Debug|Any CPU.ActiveCfg = Debug|Any CPU
		{0478EC86-6744-4394-ADF0-E56B5612649B}.Debug|Any CPU.Build.0 = Debug|Any CPU
		{0478EC86-6744-4394-ADF0-E56B5612649B}.Release|Any CPU.ActiveCfg = Release|Any CPU
		{0478EC86-6744-4394-ADF0-E56B5612649B}.Release|Any CPU.Build.0 = Release|Any CPU
		{CA69A273-B15A-497E-8F43-487BEF0641FD}.Debug|Any CPU.ActiveCfg = Debug|Any CPU
		{CA69A273-B15A-497E-8F43-487BEF0641FD}.Debug|Any CPU.Build.0 = Debug|Any CPU
		{CA69A273-B15A-497E-8F43-487BEF0641FD}.Release|Any CPU.ActiveCfg = Release|Any CPU
		{CA69A273-B15A-497E-8F43-487BEF0641FD}.Release|Any CPU.Build.0 = Release|Any CPU
	EndGlobalSection
	GlobalSection(SolutionProperties) = preSolution
		HideSolutionNode = FALSE
	EndGlobalSection
EndGlobal
